// !$*UTF8*$!
{
	archiveVersion = 1;
	classes = {
	};
	objectVersion = 56;
	objects = {

/* Begin PBXBuildFile section */
		436AAEE529C4C560001A5F10 /* AppDelegate.swift in Sources */ = {isa = PBXBuildFile; fileRef = 436AAEE429C4C560001A5F10 /* AppDelegate.swift */; };
		436AAEE729C4C560001A5F10 /* SceneDelegate.swift in Sources */ = {isa = PBXBuildFile; fileRef = 436AAEE629C4C560001A5F10 /* SceneDelegate.swift */; };
		436AAEE929C4C560001A5F10 /* ViewController.swift in Sources */ = {isa = PBXBuildFile; fileRef = 436AAEE829C4C560001A5F10 /* ViewController.swift */; };
		436AAEEC29C4C560001A5F10 /* Main.storyboard in Resources */ = {isa = PBXBuildFile; fileRef = 436AAEEA29C4C560001A5F10 /* Main.storyboard */; };
		436AAEEE29C4C562001A5F10 /* Assets.xcassets in Resources */ = {isa = PBXBuildFile; fileRef = 436AAEED29C4C562001A5F10 /* Assets.xcassets */; };
		436AAEF129C4C562001A5F10 /* LaunchScreen.storyboard in Resources */ = {isa = PBXBuildFile; fileRef = 436AAEEF29C4C562001A5F10 /* LaunchScreen.storyboard */; };
		436AAEF929C4E815001A5F10 /* ImplementingASubscriber.swift in Sources */ = {isa = PBXBuildFile; fileRef = 436AAEF829C4E815001A5F10 /* ImplementingASubscriber.swift */; };
		436AAEFB29C4E8C3001A5F10 /* ImplentingSubject.swift in Sources */ = {isa = PBXBuildFile; fileRef = 436AAEFA29C4E8C3001A5F10 /* ImplentingSubject.swift */; };
/* End PBXBuildFile section */

/* Begin PBXFileReference section */
		436AAEE129C4C560001A5F10 /* Understanding Publishers and Subscribers.app */ = {isa = PBXFileReference; explicitFileType = wrapper.application; includeInIndex = 0; path = "Understanding Publishers and Subscribers.app"; sourceTree = BUILT_PRODUCTS_DIR; };
		436AAEE429C4C560001A5F10 /* AppDelegate.swift */ = {isa = PBXFileReference; lastKnownFileType = sourcecode.swift; path = AppDelegate.swift; sourceTree = "<group>"; };
		436AAEE629C4C560001A5F10 /* SceneDelegate.swift */ = {isa = PBXFileReference; lastKnownFileType = sourcecode.swift; path = SceneDelegate.swift; sourceTree = "<group>"; };
		436AAEE829C4C560001A5F10 /* ViewController.swift */ = {isa = PBXFileReference; lastKnownFileType = sourcecode.swift; path = ViewController.swift; sourceTree = "<group>"; };
		436AAEEB29C4C560001A5F10 /* Base */ = {isa = PBXFileReference; lastKnownFileType = file.storyboard; name = Base; path = Base.lproj/Main.storyboard; sourceTree = "<group>"; };
		436AAEED29C4C562001A5F10 /* Assets.xcassets */ = {isa = PBXFileReference; lastKnownFileType = folder.assetcatalog; path = Assets.xcassets; sourceTree = "<group>"; };
		436AAEF029C4C562001A5F10 /* Base */ = {isa = PBXFileReference; lastKnownFileType = file.storyboard; name = Base; path = Base.lproj/LaunchScreen.storyboard; sourceTree = "<group>"; };
		436AAEF229C4C562001A5F10 /* Info.plist */ = {isa = PBXFileReference; lastKnownFileType = text.plist.xml; path = Info.plist; sourceTree = "<group>"; };
		436AAEF829C4E815001A5F10 /* ImplementingASubscriber.swift */ = {isa = PBXFileReference; lastKnownFileType = sourcecode.swift; path = ImplementingASubscriber.swift; sourceTree = "<group>"; };
		436AAEFA29C4E8C3001A5F10 /* ImplentingSubject.swift */ = {isa = PBXFileReference; lastKnownFileType = sourcecode.swift; path = ImplentingSubject.swift; sourceTree = "<group>"; };
/* End PBXFileReference section */

/* Begin PBXFrameworksBuildPhase section */
		436AAEDE29C4C560001A5F10 /* Frameworks */ = {
			isa = PBXFrameworksBuildPhase;
			buildActionMask = 2147483647;
			files = (
			);
			runOnlyForDeploymentPostprocessing = 0;
		};
/* End PBXFrameworksBuildPhase section */

/* Begin PBXGroup section */
		436AAED829C4C560001A5F10 = {
			isa = PBXGroup;
			children = (
				436AAEE329C4C560001A5F10 /* Understanding Publishers and Subscribers */,
				436AAEE229C4C560001A5F10 /* Products */,
			);
			sourceTree = "<group>";
		};
		436AAEE229C4C560001A5F10 /* Products */ = {
			isa = PBXGroup;
			children = (
				436AAEE129C4C560001A5F10 /* Understanding Publishers and Subscribers.app */,
			);
			name = Products;
			sourceTree = "<group>";
		};
		436AAEE329C4C560001A5F10 /* Understanding Publishers and Subscribers */ = {
			isa = PBXGroup;
			children = (
				436AAEE429C4C560001A5F10 /* AppDelegate.swift */,
				436AAEE629C4C560001A5F10 /* SceneDelegate.swift */,
				436AAEE829C4C560001A5F10 /* ViewController.swift */,
				436AAEFA29C4E8C3001A5F10 /* ImplentingSubject.swift */,
				436AAEF829C4E815001A5F10 /* ImplementingASubscriber.swift */,
				436AAEEA29C4C560001A5F10 /* Main.storyboard */,
				436AAEED29C4C562001A5F10 /* Assets.xcassets */,
				436AAEEF29C4C562001A5F10 /* LaunchScreen.storyboard */,
				436AAEF229C4C562001A5F10 /* Info.plist */,
			);
			path = "Understanding Publishers and Subscribers";
			sourceTree = "<group>";
		};
/* End PBXGroup section */

/* Begin PBXNativeTarget section */
		436AAEE029C4C560001A5F10 /* Understanding Publishers and Subscribers */ = {
			isa = PBXNativeTarget;
			buildConfigurationList = 436AAEF529C4C562001A5F10 /* Build configuration list for PBXNativeTarget "Understanding Publishers and Subscribers" */;
			buildPhases = (
				436AAEDD29C4C560001A5F10 /* Sources */,
				436AAEDE29C4C560001A5F10 /* Frameworks */,
				436AAEDF29C4C560001A5F10 /* Resources */,
			);
			buildRules = (
			);
			dependencies = (
			);
			name = "Understanding Publishers and Subscribers";
			productName = "Understanding Publishers and Subscribers";
			productReference = 436AAEE129C4C560001A5F10 /* Understanding Publishers and Subscribers.app */;
			productType = "com.apple.product-type.application";
		};
/* End PBXNativeTarget section */

/* Begin PBXProject section */
		436AAED929C4C560001A5F10 /* Project object */ = {
			isa = PBXProject;
			attributes = {
				BuildIndependentTargetsInParallel = 1;
				LastSwiftUpdateCheck = 1420;
				LastUpgradeCheck = 1420;
				TargetAttributes = {
					436AAEE029C4C560001A5F10 = {
						CreatedOnToolsVersion = 14.2;
					};
				};
			};
			buildConfigurationList = 436AAEDC29C4C560001A5F10 /* Build configuration list for PBXProject "Understanding Publishers and Subscribers" */;
			compatibilityVersion = "Xcode 14.0";
			developmentRegion = en;
			hasScannedForEncodings = 0;
			knownRegions = (
				en,
				Base,
			);
			mainGroup = 436AAED829C4C560001A5F10;
			productRefGroup = 436AAEE229C4C560001A5F10 /* Products */;
			projectDirPath = "";
			projectRoot = "";
			targets = (
				436AAEE029C4C560001A5F10 /* Understanding Publishers and Subscribers */,
			);
		};
/* End PBXProject section */

/* Begin PBXResourcesBuildPhase section */
		436AAEDF29C4C560001A5F10 /* Resources */ = {
			isa = PBXResourcesBuildPhase;
			buildActionMask = 2147483647;
			files = (
				436AAEF129C4C562001A5F10 /* LaunchScreen.storyboard in Resources */,
				436AAEEE29C4C562001A5F10 /* Assets.xcassets in Resources */,
				436AAEEC29C4C560001A5F10 /* Main.storyboard in Resources */,
			);
			runOnlyForDeploymentPostprocessing = 0;
		};
/* End PBXResourcesBuildPhase section */

/* Begin PBXSourcesBuildPhase section */
		436AAEDD29C4C560001A5F10 /* Sources */ = {
			isa = PBXSourcesBuildPhase;
			buildActionMask = 2147483647;
			files = (
				436AAEE929C4C560001A5F10 /* ViewController.swift in Sources */,
				436AAEE529C4C560001A5F10 /* AppDelegate.swift in Sources */,
				436AAEFB29C4E8C3001A5F10 /* ImplentingSubject.swift in Sources */,
				436AAEF929C4E815001A5F10 /* ImplementingASubscriber.swift in Sources */,
				436AAEE729C4C560001A5F10 /* SceneDelegate.swift in Sources */,
			);
			runOnlyForDeploymentPostprocessing = 0;
		};
/* End PBXSourcesBuildPhase section */

/* Begin PBXVariantGroup section */
		436AAEEA29C4C560001A5F10 /* Main.storyboard */ = {
			isa = PBXVariantGroup;
			children = (
				436AAEEB29C4C560001A5F10 /* Base */,
			);
			name = Main.storyboard;
			sourceTree = "<group>";
		};
		436AAEEF29C4C562001A5F10 /* LaunchScreen.storyboard */ = {
			isa = PBXVariantGroup;
			children = (
				436AAEF029C4C562001A5F10 /* Base */,
			);
			name = LaunchScreen.storyboard;
			sourceTree = "<group>";
		};
/* End PBXVariantGroup section */

/* Begin XCBuildConfiguration section */
		436AAEF329C4C562001A5F10 /* Debug */ = {
			isa = XCBuildConfiguration;
			buildSettings = {
				ALWAYS_SEARCH_USER_PATHS = NO;
				CLANG_ANALYZER_NONNULL = YES;
				CLANG_ANALYZER_NUMBER_OBJECT_CONVERSION = YES_AGGRESSIVE;
				CLANG_CXX_LANGUAGE_STANDARD = "gnu++20";
				CLANG_ENABLE_MODULES = YES;
				CLANG_ENABLE_OBJC_ARC = YES;
				CLANG_ENABLE_OBJC_WEAK = YES;
				CLANG_WARN_BLOCK_CAPTURE_AUTORELEASING = YES;
				CLANG_WARN_BOOL_CONVERSION = YES;
				CLANG_WARN_COMMA = YES;
				CLANG_WARN_CONSTANT_CONVERSION = YES;
				CLANG_WARN_DEPRECATED_OBJC_IMPLEMENTATIONS = YES;
				CLANG_WARN_DIRECT_OBJC_ISA_USAGE = YES_ERROR;
				CLANG_WARN_DOCUMENTATION_COMMENTS = YES;
				CLANG_WARN_EMPTY_BODY = YES;
				CLANG_WARN_ENUM_CONVERSION = YES;
				CLANG_WARN_INFINITE_RECURSION = YES;
				CLANG_WARN_INT_CONVERSION = YES;
				CLANG_WARN_NON_LITERAL_NULL_CONVERSION = YES;
				CLANG_WARN_OBJC_IMPLICIT_RETAIN_SELF = YES;
				CLANG_WARN_OBJC_LITERAL_CONVERSION = YES;
				CLANG_WARN_OBJC_ROOT_CLASS = YES_ERROR;
				CLANG_WARN_QUOTED_INCLUDE_IN_FRAMEWORK_HEADER = YES;
				CLANG_WARN_RANGE_LOOP_ANALYSIS = YES;
				CLANG_WARN_STRICT_PROTOTYPES = YES;
				CLANG_WARN_SUSPICIOUS_MOVE = YES;
				CLANG_WARN_UNGUARDED_AVAILABILITY = YES_AGGRESSIVE;
				CLANG_WARN_UNREACHABLE_CODE = YES;
				CLANG_WARN__DUPLICATE_METHOD_MATCH = YES;
				COPY_PHASE_STRIP = NO;
				DEBUG_INFORMATION_FORMAT = dwarf;
				ENABLE_STRICT_OBJC_MSGSEND = YES;
				ENABLE_TESTABILITY = YES;
				GCC_C_LANGUAGE_STANDARD = gnu11;
				GCC_DYNAMIC_NO_PIC = NO;
				GCC_NO_COMMON_BLOCKS = YES;
				GCC_OPTIMIZATION_LEVEL = 0;
				GCC_PREPROCESSOR_DEFINITIONS = (
					"DEBUG=1",
					"$(inherited)",
				);
				GCC_WARN_64_TO_32_BIT_CONVERSION = YES;
				GCC_WARN_ABOUT_RETURN_TYPE = YES_ERROR;
				GCC_WARN_UNDECLARED_SELECTOR = YES;
				GCC_WARN_UNINITIALIZED_AUTOS = YES_AGGRESSIVE;
				GCC_WARN_UNUSED_FUNCTION = YES;
				GCC_WARN_UNUSED_VARIABLE = YES;
				IPHONEOS_DEPLOYMENT_TARGET = 16.2;
				MTL_ENABLE_DEBUG_INFO = INCLUDE_SOURCE;
				MTL_FAST_MATH = YES;
				ONLY_ACTIVE_ARCH = YES;
				SDKROOT = iphoneos;
				SWIFT_ACTIVE_COMPILATION_CONDITIONS = DEBUG;
				SWIFT_OPTIMIZATION_LEVEL = "-Onone";
			};
			name = Debug;
		};
		436AAEF429C4C562001A5F10 /* Release */ = {
			isa = XCBuildConfiguration;
			buildSettings = {
				ALWAYS_SEARCH_USER_PATHS = NO;
				CLANG_ANALYZER_NONNULL = YES;
				CLANG_ANALYZER_NUMBER_OBJECT_CONVERSION = YES_AGGRESSIVE;
				CLANG_CXX_LANGUAGE_STANDARD = "gnu++20";
				CLANG_ENABLE_MODULES = YES;
				CLANG_ENABLE_OBJC_ARC = YES;
				CLANG_ENABLE_OBJC_WEAK = YES;
				CLANG_WARN_BLOCK_CAPTURE_AUTORELEASING = YES;
				CLANG_WARN_BOOL_CONVERSION = YES;
				CLANG_WARN_COMMA = YES;
				CLANG_WARN_CONSTANT_CONVERSION = YES;
				CLANG_WARN_DEPRECATED_OBJC_IMPLEMENTATIONS = YES;
				CLANG_WARN_DIRECT_OBJC_ISA_USAGE = YES_ERROR;
				CLANG_WARN_DOCUMENTATION_COMMENTS = YES;
				CLANG_WARN_EMPTY_BODY = YES;
				CLANG_WARN_ENUM_CONVERSION = YES;
				CLANG_WARN_INFINITE_RECURSION = YES;
				CLANG_WARN_INT_CONVERSION = YES;
				CLANG_WARN_NON_LITERAL_NULL_CONVERSION = YES;
				CLANG_WARN_OBJC_IMPLICIT_RETAIN_SELF = YES;
				CLANG_WARN_OBJC_LITERAL_CONVERSION = YES;
				CLANG_WARN_OBJC_ROOT_CLASS = YES_ERROR;
				CLANG_WARN_QUOTED_INCLUDE_IN_FRAMEWORK_HEADER = YES;
				CLANG_WARN_RANGE_LOOP_ANALYSIS = YES;
				CLANG_WARN_STRICT_PROTOTYPES = YES;
				CLANG_WARN_SUSPICIOUS_MOVE = YES;
				CLANG_WARN_UNGUARDED_AVAILABILITY = YES_AGGRESSIVE;
				CLANG_WARN_UNREACHABLE_CODE = YES;
				CLANG_WARN__DUPLICATE_METHOD_MATCH = YES;
				COPY_PHASE_STRIP = NO;
				DEBUG_INFORMATION_FORMAT = "dwarf-with-dsym";
				ENABLE_NS_ASSERTIONS = NO;
				ENABLE_STRICT_OBJC_MSGSEND = YES;
				GCC_C_LANGUAGE_STANDARD = gnu11;
				GCC_NO_COMMON_BLOCKS = YES;
				GCC_WARN_64_TO_32_BIT_CONVERSION = YES;
				GCC_WARN_ABOUT_RETURN_TYPE = YES_ERROR;
				GCC_WARN_UNDECLARED_SELECTOR = YES;
				GCC_WARN_UNINITIALIZED_AUTOS = YES_AGGRESSIVE;
				GCC_WARN_UNUSED_FUNCTION = YES;
				GCC_WARN_UNUSED_VARIABLE = YES;
				IPHONEOS_DEPLOYMENT_TARGET = 16.2;
				MTL_ENABLE_DEBUG_INFO = NO;
				MTL_FAST_MATH = YES;
				SDKROOT = iphoneos;
				SWIFT_COMPILATION_MODE = wholemodule;
				SWIFT_OPTIMIZATION_LEVEL = "-O";
				VALIDATE_PRODUCT = YES;
			};
			name = Release;
		};
		436AAEF629C4C562001A5F10 /* Debug */ = {
			isa = XCBuildConfiguration;
			buildSettings = {
				ASSETCATALOG_COMPILER_APPICON_NAME = AppIcon;
				ASSETCATALOG_COMPILER_GLOBAL_ACCENT_COLOR_NAME = AccentColor;
				CODE_SIGN_STYLE = Automatic;
				CURRENT_PROJECT_VERSION = 1;
				DEVELOPMENT_TEAM = 8K52FAQ674;
				GENERATE_INFOPLIST_FILE = YES;
				INFOPLIST_FILE = "Understanding Publishers and Subscribers/Info.plist";
				INFOPLIST_KEY_UIApplicationSupportsIndirectInputEvents = YES;
				INFOPLIST_KEY_UILaunchStoryboardName = LaunchScreen;
				INFOPLIST_KEY_UIMainStoryboardFile = Main;
				INFOPLIST_KEY_UISupportedInterfaceOrientations_iPad = "UIInterfaceOrientationPortrait UIInterfaceOrientationPortraitUpsideDown UIInterfaceOrientationLandscapeLeft UIInterfaceOrientationLandscapeRight";
				INFOPLIST_KEY_UISupportedInterfaceOrientations_iPhone = "UIInterfaceOrientationPortrait UIInterfaceOrientationLandscapeLeft UIInterfaceOrientationLandscapeRight";
				LD_RUNPATH_SEARCH_PATHS = (
					"$(inherited)",
					"@executable_path/Frameworks",
				);
				MARKETING_VERSION = 1.0;
				PRODUCT_BUNDLE_IDENTIFIER = "pae.Understanding-Publishers-and-Subscribers";
				PRODUCT_NAME = "$(TARGET_NAME)";
				SWIFT_EMIT_LOC_STRINGS = YES;
				SWIFT_VERSION = 5.0;
				TARGETED_DEVICE_FAMILY = "1,2";
			};
			name = Debug;
		};
		436AAEF729C4C562001A5F10 /* Release */ = {
			isa = XCBuildConfiguration;
			buildSettings = {
				ASSETCATALOG_COMPILER_APPICON_NAME = AppIcon;
				ASSETCATALOG_COMPILER_GLOBAL_ACCENT_COLOR_NAME = AccentColor;
				CODE_SIGN_STYLE = Automatic;
				CURRENT_PROJECT_VERSION = 1;
				DEVELOPMENT_TEAM = 8K52FAQ674;
				GENERATE_INFOPLIST_FILE = YES;
				INFOPLIST_FILE = "Understanding Publishers and Subscribers/Info.plist";
				INFOPLIST_KEY_UIApplicationSupportsIndirectInputEvents = YES;
				INFOPLIST_KEY_UILaunchStoryboardName = LaunchScreen;
				INFOPLIST_KEY_UIMainStoryboardFile = Main;
				INFOPLIST_KEY_UISupportedInterfaceOrientations_iPad = "UIInterfaceOrientationPortrait UIInterfaceOrientationPortraitUpsideDown UIInterfaceOrientationLandscapeLeft UIInterfaceOrientationLandscapeRight";
				INFOPLIST_KEY_UISupportedInterfaceOrientations_iPhone = "UIInterfaceOrientationPortrait UIInterfaceOrientationLandscapeLeft UIInterfaceOrientationLandscapeRight";
				LD_RUNPATH_SEARCH_PATHS = (
					"$(inherited)",
					"@executable_path/Frameworks",
				);
				MARKETING_VERSION = 1.0;
				PRODUCT_BUNDLE_IDENTIFIER = "pae.Understanding-Publishers-and-Subscribers";
				PRODUCT_NAME = "$(TARGET_NAME)";
				SWIFT_EMIT_LOC_STRINGS = YES;
				SWIFT_VERSION = 5.0;
				TARGETED_DEVICE_FAMILY = "1,2";
			};
			name = Release;
		};
/* End XCBuildConfiguration section */

/* Begin XCConfigurationList section */
		436AAEDC29C4C560001A5F10 /* Build configuration list for PBXProject "Understanding Publishers and Subscribers" */ = {
			isa = XCConfigurationList;
			buildConfigurations = (
				436AAEF329C4C562001A5F10 /* Debug */,
				436AAEF429C4C562001A5F10 /* Release */,
			);
			defaultConfigurationIsVisible = 0;
			defaultConfigurationName = Release;
		};
		436AAEF529C4C562001A5F10 /* Build configuration list for PBXNativeTarget "Understanding Publishers and Subscribers" */ = {
			isa = XCConfigurationList;
			buildConfigurations = (
				436AAEF629C4C562001A5F10 /* Debug */,
				436AAEF729C4C562001A5F10 /* Release */,
			);
			defaultConfigurationIsVisible = 0;
			defaultConfigurationName = Release;
		};
/* End XCConfigurationList section */
	};
	rootObject = 436AAED929C4C560001A5F10 /* Project object */;
}
